
Microsoft Visual Studio Solution File, Format Version 12.00
Project("{FAE04EC0-301F-11D3-BF4B-00C04F79EFBC}") = "WebApp1", "WebApp1\WebApp1.csproj", "{F780C297-451A-4EB4-9EA7-E957D809212F}"
EndProject
Project("{2150E333-8FDC-42A3-9474-1A3956D46DE8}") = "Solution Items", "Solution Items", "{241433BE-B15C-4683-BBBE-A1B9B706F92D}"
	ProjectSection(SolutionItems) = preProject
		docker-compose.yml = docker-compose.yml
		api.env = api.env
		api.env.example = api.env.example
		postgres.env = postgres.env
		postgres.env.example = postgres.env.example
	EndProjectSection
EndProject
Global
	GlobalSection(SolutionConfigurationPlatforms) = preSolution
		Debug|Any CPU = Debug|Any CPU
		Release|Any CPU = Release|Any CPU
	EndGlobalSection
	GlobalSection(ProjectConfigurationPlatforms) = postSolution
		{F780C297-451A-4EB4-9EA7-E957D809212F}.Debug|Any CPU.ActiveCfg = Debug|Any CPU
		{F780C297-451A-4EB4-9EA7-E957D809212F}.Debug|Any CPU.Build.0 = Debug|Any CPU
		{F780C297-451A-4EB4-9EA7-E957D809212F}.Release|Any CPU.ActiveCfg = Release|Any CPU
		{F780C297-451A-4EB4-9EA7-E957D809212F}.Release|Any CPU.Build.0 = Release|Any CPU
	EndGlobalSection
EndGlobal
